
Microsoft Visual Studio Solution File, Format Version 12.00
# Visual Studio Version 17
VisualStudioVersion = 17.0.31912.275
MinimumVisualStudioVersion = 10.0.40219.1
Project("{FAE04EC0-301F-11D3-BF4B-00C04F79EFBC}") = "TISIT", "TISIT\TISIT.csproj", "{F4D3D88B-9205-4ED3-B790-F802AFAA0411}"
EndProject
Project("{FAE04EC0-301F-11D3-BF4B-00C04F79EFBC}") = "CapaAccesoDatos", "CapaAccesoDatos\CapaAccesoDatos.csproj", "{49FF428E-6A34-4D8F-906F-412E01DF2AE7}"
EndProject
Project("{FAE04EC0-301F-11D3-BF4B-00C04F79EFBC}") = "CapaEntidades", "CapaEntidades\CapaEntidades.csproj", "{FBDC0F74-1E43-4DC0-ABA7-5B441007928F}"
EndProject
Project("{FAE04EC0-301F-11D3-BF4B-00C04F79EFBC}") = "CapaLogicaNegocio", "CapaLogicaNegocio\CapaLogicaNegocio.csproj", "{8EBCDB0E-B487-4B65-964B-C518CDB69DA2}"
EndProject
Global
	GlobalSection(SolutionConfigurationPlatforms) = preSolution
		Debug|Any CPU = Debug|Any CPU
		Release|Any CPU = Release|Any CPU
	EndGlobalSection
	GlobalSection(ProjectConfigurationPlatforms) = postSolution
		{F4D3D88B-9205-4ED3-B790-F802AFAA0411}.Debug|Any CPU.ActiveCfg = Debug|Any CPU
		{F4D3D88B-9205-4ED3-B790-F802AFAA0411}.Debug|Any CPU.Build.0 = Debug|Any CPU
		{F4D3D88B-9205-4ED3-B790-F802AFAA0411}.Release|Any CPU.ActiveCfg = Release|Any CPU
		{F4D3D88B-9205-4ED3-B790-F802AFAA0411}.Release|Any CPU.Build.0 = Release|Any CPU
		{49FF428E-6A34-4D8F-906F-412E01DF2AE7}.Debug|Any CPU.ActiveCfg = Debug|Any CPU
		{49FF428E-6A34-4D8F-906F-412E01DF2AE7}.Debug|Any CPU.Build.0 = Debug|Any CPU
		{49FF428E-6A34-4D8F-906F-412E01DF2AE7}.Release|Any CPU.ActiveCfg = Release|Any CPU
		{49FF428E-6A34-4D8F-906F-412E01DF2AE7}.Release|Any CPU.Build.0 = Release|Any CPU
		{FBDC0F74-1E43-4DC0-ABA7-5B441007928F}.Debug|Any CPU.ActiveCfg = Debug|Any CPU
		{FBDC0F74-1E43-4DC0-ABA7-5B441007928F}.Debug|Any CPU.Build.0 = Debug|Any CPU
		{FBDC0F74-1E43-4DC0-ABA7-5B441007928F}.Release|Any CPU.ActiveCfg = Release|Any CPU
		{FBDC0F74-1E43-4DC0-ABA7-5B441007928F}.Release|Any CPU.Build.0 = Release|Any CPU
		{8EBCDB0E-B487-4B65-964B-C518CDB69DA2}.Debug|Any CPU.ActiveCfg = Debug|Any CPU
		{8EBCDB0E-B487-4B65-964B-C518CDB69DA2}.Debug|Any CPU.Build.0 = Debug|Any CPU
		{8EBCDB0E-B487-4B65-964B-C518CDB69DA2}.Release|Any CPU.ActiveCfg = Release|Any CPU
		{8EBCDB0E-B487-4B65-964B-C518CDB69DA2}.Release|Any CPU.Build.0 = Release|Any CPU
	EndGlobalSection
	GlobalSection(SolutionProperties) = preSolution
		HideSolutionNode = FALSE
	EndGlobalSection
	GlobalSection(ExtensibilityGlobals) = postSolution
		SolutionGuid = {480478C7-953F-465F-B8A4-19BF5A61F836}
	EndGlobalSection
EndGlobal
